
Microsoft Visual Studio Solution File, Format Version 12.00
# Visual Studio Version 16
VisualStudioVersion = 16.0.32901.82
MinimumVisualStudioVersion = 10.0.40219.1
Project("{D2ABAB84-BF74-430A-B69E-9DC6D40DDA17}") = "NorthwindCuboo", "NorthwindCuboo\NorthwindCuboo.dwproj", "{7D67D070-81FE-4221-A8E7-C88FFD67D6D8}"
EndProject
Global
	GlobalSection(SolutionConfigurationPlatforms) = preSolution
		Development|Default = Development|Default
	EndGlobalSection
	GlobalSection(ProjectConfigurationPlatforms) = postSolution
		{7D67D070-81FE-4221-A8E7-C88FFD67D6D8}.Development|Default.ActiveCfg = Development
		{7D67D070-81FE-4221-A8E7-C88FFD67D6D8}.Development|Default.Build.0 = Development
		{7D67D070-81FE-4221-A8E7-C88FFD67D6D8}.Development|Default.Deploy.0 = Development
	EndGlobalSection
	GlobalSection(SolutionProperties) = preSolution
		HideSolutionNode = FALSE
	EndGlobalSection
	GlobalSection(ExtensibilityGlobals) = postSolution
		SolutionGuid = {14877BF2-66D7-4F0E-905F-AD8FE40B3AF8}
	EndGlobalSection
EndGlobal
